// !$*UTF8*$!
{
	archiveVersion = 1;
	classes = {
	};
	objectVersion = 51;
	objects = {

/* Begin PBXBuildFile section */
		18F083B3308A1F6AF6D6A146 /* libPods-ePLUS.a in Frameworks */ = {isa = PBXBuildFile; fileRef = BD9D64CBA404EE2AAD985FE0 /* libPods-ePLUS.a */; };
		823FACC9257E189F001FC646 /* DataStructure.swift in Sources */ = {isa = PBXBuildFile; fileRef = 823FACC8257E189F001FC646 /* DataStructure.swift */; };
		823FACCE257E1C5E001FC646 /* API.swift in Sources */ = {isa = PBXBuildFile; fileRef = 823FACCD257E1C5E001FC646 /* API.swift */; };
		8243879B25827D5D00DC6664 /* TextArea.swift in Sources */ = {isa = PBXBuildFile; fileRef = 8243879A25827D5D00DC6664 /* TextArea.swift */; };
		824387AD258281B700DC6664 /* ReturnButton.swift in Sources */ = {isa = PBXBuildFile; fileRef = 824387AC258281B700DC6664 /* ReturnButton.swift */; };
		824387B2258283C500DC6664 /* RoundedRectButton.swift in Sources */ = {isa = PBXBuildFile; fileRef = 824387B1258283C500DC6664 /* RoundedRectButton.swift */; };
		824387BD2582856600DC6664 /* HeartRating.swift in Sources */ = {isa = PBXBuildFile; fileRef = 824387BC2582856600DC6664 /* HeartRating.swift */; };
		824FADFB25752EA7005C62C4 /* ListView.swift in Sources */ = {isa = PBXBuildFile; fileRef = 824FADFA25752EA7005C62C4 /* ListView.swift */; };
		824FAE0525752F7D005C62C4 /* Observables.swift in Sources */ = {isa = PBXBuildFile; fileRef = 824FAE0425752F7D005C62C4 /* Observables.swift */; };
		824FAE0D2575319C005C62C4 /* CommentView.swift in Sources */ = {isa = PBXBuildFile; fileRef = 824FAE0C2575319C005C62C4 /* CommentView.swift */; };
		825151C62583A75500E4D9FF /* Utils.swift in Sources */ = {isa = PBXBuildFile; fileRef = 825151C52583A75500E4D9FF /* Utils.swift */; };
		825151CE2583FCF100E4D9FF /* DestinationView.swift in Sources */ = {isa = PBXBuildFile; fileRef = 825151CD2583FCF000E4D9FF /* DestinationView.swift */; };
		825151D32584900200E4D9FF /* MenuView.swift in Sources */ = {isa = PBXBuildFile; fileRef = 825151D22584900200E4D9FF /* MenuView.swift */; };
		825151E12584B97700E4D9FF /* SwitcherView.swift in Sources */ = {isa = PBXBuildFile; fileRef = 825151E02584B97700E4D9FF /* SwitcherView.swift */; };
		825151E62587552D00E4D9FF /* NewPlanView.swift in Sources */ = {isa = PBXBuildFile; fileRef = 825151E52587552D00E4D9FF /* NewPlanView.swift */; };
		825151EB2587555100E4D9FF /* InviteView.swift in Sources */ = {isa = PBXBuildFile; fileRef = 825151EA2587555100E4D9FF /* InviteView.swift */; };
		825F2B93257F935B0001D37C /* AddDestinationView.swift in Sources */ = {isa = PBXBuildFile; fileRef = 825F2B92257F935B0001D37C /* AddDestinationView.swift */; };
		825F2BA1257FA0E20001D37C /* GoooglePlaceStructure.swift in Sources */ = {isa = PBXBuildFile; fileRef = 825F2BA0257FA0E20001D37C /* GoooglePlaceStructure.swift */; };
		827A37C42589389A00F3DC0D /* LoadingView.swift in Sources */ = {isa = PBXBuildFile; fileRef = 827A37C32589389A00F3DC0D /* LoadingView.swift */; };
		827A37C9258938A600F3DC0D /* CityImageStructure.swift in Sources */ = {isa = PBXBuildFile; fileRef = 827A37C8258938A600F3DC0D /* CityImageStructure.swift */; };
		827A37CF258938C800F3DC0D /* GooglePlaceImage.swift in Sources */ = {isa = PBXBuildFile; fileRef = 827A37CD258938C800F3DC0D /* GooglePlaceImage.swift */; };
		827A37D0258938C800F3DC0D /* RemoteImage.swift in Sources */ = {isa = PBXBuildFile; fileRef = 827A37CE258938C800F3DC0D /* RemoteImage.swift */; };
		827A381D258A4B2500F3DC0D /* AddDesCommentView.swift in Sources */ = {isa = PBXBuildFile; fileRef = 827A381C258A4B2500F3DC0D /* AddDesCommentView.swift */; };
		82CD08EA256E5F9100F21693 /* ePLUSApp.swift in Sources */ = {isa = PBXBuildFile; fileRef = 82CD08E9256E5F9100F21693 /* ePLUSApp.swift */; };
		82CD08EC256E5F9100F21693 /* ContentView.swift in Sources */ = {isa = PBXBuildFile; fileRef = 82CD08EB256E5F9100F21693 /* ContentView.swift */; };
		82CD08EE256E5F9400F21693 /* Assets.xcassets in Resources */ = {isa = PBXBuildFile; fileRef = 82CD08ED256E5F9400F21693 /* Assets.xcassets */; };
		82CD08F1256E5F9400F21693 /* Preview Assets.xcassets in Resources */ = {isa = PBXBuildFile; fileRef = 82CD08F0256E5F9400F21693 /* Preview Assets.xcassets */; };
		82CD08FC256E5F9400F21693 /* ePLUSTests.swift in Sources */ = {isa = PBXBuildFile; fileRef = 82CD08FB256E5F9400F21693 /* ePLUSTests.swift */; };
		82CD0907256E5F9400F21693 /* ePLUSUITests.swift in Sources */ = {isa = PBXBuildFile; fileRef = 82CD0906256E5F9400F21693 /* ePLUSUITests.swift */; };
		F30B35F8258A70B700D05E3E /* GoogleMapView.swift in Sources */ = {isa = PBXBuildFile; fileRef = F30B35F6258A70B700D05E3E /* GoogleMapView.swift */; };
		F30B35F9258A70B700D05E3E /* MapView.swift in Sources */ = {isa = PBXBuildFile; fileRef = F30B35F7258A70B700D05E3E /* MapView.swift */; };
/* End PBXBuildFile section */

/* Begin PBXContainerItemProxy section */
		82CD08F8256E5F9400F21693 /* PBXContainerItemProxy */ = {
			isa = PBXContainerItemProxy;
			containerPortal = 82CD08DE256E5F9100F21693 /* Project object */;
			proxyType = 1;
			remoteGlobalIDString = 82CD08E5256E5F9100F21693;
			remoteInfo = ePLUS;
		};
		82CD0903256E5F9400F21693 /* PBXContainerItemProxy */ = {
			isa = PBXContainerItemProxy;
			containerPortal = 82CD08DE256E5F9100F21693 /* Project object */;
			proxyType = 1;
			remoteGlobalIDString = 82CD08E5256E5F9100F21693;
			remoteInfo = ePLUS;
		};
/* End PBXContainerItemProxy section */

/* Begin PBXFileReference section */
		823FACC8257E189F001FC646 /* DataStructure.swift */ = {isa = PBXFileReference; lastKnownFileType = sourcecode.swift; path = DataStructure.swift; sourceTree = "<group>"; };
		823FACCD257E1C5E001FC646 /* API.swift */ = {isa = PBXFileReference; lastKnownFileType = sourcecode.swift; path = API.swift; sourceTree = "<group>"; };
		8243879A25827D5D00DC6664 /* TextArea.swift */ = {isa = PBXFileReference; lastKnownFileType = sourcecode.swift; path = TextArea.swift; sourceTree = "<group>"; };
		824387AC258281B700DC6664 /* ReturnButton.swift */ = {isa = PBXFileReference; lastKnownFileType = sourcecode.swift; path = ReturnButton.swift; sourceTree = "<group>"; };
		824387B1258283C500DC6664 /* RoundedRectButton.swift */ = {isa = PBXFileReference; lastKnownFileType = sourcecode.swift; path = RoundedRectButton.swift; sourceTree = "<group>"; };
		824387BC2582856600DC6664 /* HeartRating.swift */ = {isa = PBXFileReference; lastKnownFileType = sourcecode.swift; path = HeartRating.swift; sourceTree = "<group>"; };
		824FADFA25752EA7005C62C4 /* ListView.swift */ = {isa = PBXFileReference; lastKnownFileType = sourcecode.swift; path = ListView.swift; sourceTree = "<group>"; };
		824FAE0425752F7D005C62C4 /* Observables.swift */ = {isa = PBXFileReference; lastKnownFileType = sourcecode.swift; path = Observables.swift; sourceTree = "<group>"; };
		824FAE0C2575319C005C62C4 /* CommentView.swift */ = {isa = PBXFileReference; lastKnownFileType = sourcecode.swift; path = CommentView.swift; sourceTree = "<group>"; };
		825151C52583A75500E4D9FF /* Utils.swift */ = {isa = PBXFileReference; lastKnownFileType = sourcecode.swift; path = Utils.swift; sourceTree = "<group>"; };
		825151CD2583FCF000E4D9FF /* DestinationView.swift */ = {isa = PBXFileReference; lastKnownFileType = sourcecode.swift; path = DestinationView.swift; sourceTree = "<group>"; };
		825151D22584900200E4D9FF /* MenuView.swift */ = {isa = PBXFileReference; lastKnownFileType = sourcecode.swift; path = MenuView.swift; sourceTree = "<group>"; };
		825151E02584B97700E4D9FF /* SwitcherView.swift */ = {isa = PBXFileReference; lastKnownFileType = sourcecode.swift; path = SwitcherView.swift; sourceTree = "<group>"; };
		825151E52587552D00E4D9FF /* NewPlanView.swift */ = {isa = PBXFileReference; fileEncoding = 4; lastKnownFileType = sourcecode.swift; path = NewPlanView.swift; sourceTree = "<group>"; };
		825151EA2587555100E4D9FF /* InviteView.swift */ = {isa = PBXFileReference; fileEncoding = 4; lastKnownFileType = sourcecode.swift; path = InviteView.swift; sourceTree = "<group>"; };
		825F2B92257F935B0001D37C /* AddDestinationView.swift */ = {isa = PBXFileReference; lastKnownFileType = sourcecode.swift; path = AddDestinationView.swift; sourceTree = "<group>"; };
		825F2BA0257FA0E20001D37C /* GoooglePlaceStructure.swift */ = {isa = PBXFileReference; lastKnownFileType = sourcecode.swift; path = GoooglePlaceStructure.swift; sourceTree = "<group>"; };
		827A37C32589389A00F3DC0D /* LoadingView.swift */ = {isa = PBXFileReference; fileEncoding = 4; lastKnownFileType = sourcecode.swift; path = LoadingView.swift; sourceTree = "<group>"; };
		827A37C8258938A600F3DC0D /* CityImageStructure.swift */ = {isa = PBXFileReference; fileEncoding = 4; lastKnownFileType = sourcecode.swift; path = CityImageStructure.swift; sourceTree = "<group>"; };
		827A37CD258938C800F3DC0D /* GooglePlaceImage.swift */ = {isa = PBXFileReference; fileEncoding = 4; lastKnownFileType = sourcecode.swift; path = GooglePlaceImage.swift; sourceTree = "<group>"; };
		827A37CE258938C800F3DC0D /* RemoteImage.swift */ = {isa = PBXFileReference; fileEncoding = 4; lastKnownFileType = sourcecode.swift; path = RemoteImage.swift; sourceTree = "<group>"; };
		827A381C258A4B2500F3DC0D /* AddDesCommentView.swift */ = {isa = PBXFileReference; fileEncoding = 4; lastKnownFileType = sourcecode.swift; path = AddDesCommentView.swift; sourceTree = "<group>"; };
		82CD08E6256E5F9100F21693 /* ePLUS.app */ = {isa = PBXFileReference; explicitFileType = wrapper.application; includeInIndex = 0; path = ePLUS.app; sourceTree = BUILT_PRODUCTS_DIR; };
		82CD08E9256E5F9100F21693 /* ePLUSApp.swift */ = {isa = PBXFileReference; lastKnownFileType = sourcecode.swift; path = ePLUSApp.swift; sourceTree = "<group>"; };
		82CD08EB256E5F9100F21693 /* ContentView.swift */ = {isa = PBXFileReference; lastKnownFileType = sourcecode.swift; path = ContentView.swift; sourceTree = "<group>"; };
		82CD08ED256E5F9400F21693 /* Assets.xcassets */ = {isa = PBXFileReference; lastKnownFileType = folder.assetcatalog; path = Assets.xcassets; sourceTree = "<group>"; };
		82CD08F0256E5F9400F21693 /* Preview Assets.xcassets */ = {isa = PBXFileReference; lastKnownFileType = folder.assetcatalog; path = "Preview Assets.xcassets"; sourceTree = "<group>"; };
		82CD08F2256E5F9400F21693 /* Info.plist */ = {isa = PBXFileReference; lastKnownFileType = text.plist.xml; path = Info.plist; sourceTree = "<group>"; };
		82CD08F7256E5F9400F21693 /* ePLUSTests.xctest */ = {isa = PBXFileReference; explicitFileType = wrapper.cfbundle; includeInIndex = 0; path = ePLUSTests.xctest; sourceTree = BUILT_PRODUCTS_DIR; };
		82CD08FB256E5F9400F21693 /* ePLUSTests.swift */ = {isa = PBXFileReference; lastKnownFileType = sourcecode.swift; path = ePLUSTests.swift; sourceTree = "<group>"; };
		82CD08FD256E5F9400F21693 /* Info.plist */ = {isa = PBXFileReference; lastKnownFileType = text.plist.xml; path = Info.plist; sourceTree = "<group>"; };
		82CD0902256E5F9400F21693 /* ePLUSUITests.xctest */ = {isa = PBXFileReference; explicitFileType = wrapper.cfbundle; includeInIndex = 0; path = ePLUSUITests.xctest; sourceTree = BUILT_PRODUCTS_DIR; };
		82CD0906256E5F9400F21693 /* ePLUSUITests.swift */ = {isa = PBXFileReference; lastKnownFileType = sourcecode.swift; path = ePLUSUITests.swift; sourceTree = "<group>"; };
		82CD0908256E5F9400F21693 /* Info.plist */ = {isa = PBXFileReference; lastKnownFileType = text.plist.xml; path = Info.plist; sourceTree = "<group>"; };
		BD9D64CBA404EE2AAD985FE0 /* libPods-ePLUS.a */ = {isa = PBXFileReference; explicitFileType = archive.ar; includeInIndex = 0; path = "libPods-ePLUS.a"; sourceTree = BUILT_PRODUCTS_DIR; };
		CEF273CD6A756DFDBBBDC636 /* Pods-ePLUS.debug.xcconfig */ = {isa = PBXFileReference; includeInIndex = 1; lastKnownFileType = text.xcconfig; name = "Pods-ePLUS.debug.xcconfig"; path = "Target Support Files/Pods-ePLUS/Pods-ePLUS.debug.xcconfig"; sourceTree = "<group>"; };
		E045F45D9B6858255B7C0E86 /* Pods-ePLUS.release.xcconfig */ = {isa = PBXFileReference; includeInIndex = 1; lastKnownFileType = text.xcconfig; name = "Pods-ePLUS.release.xcconfig"; path = "Target Support Files/Pods-ePLUS/Pods-ePLUS.release.xcconfig"; sourceTree = "<group>"; };
		F30B35F6258A70B700D05E3E /* GoogleMapView.swift */ = {isa = PBXFileReference; fileEncoding = 4; lastKnownFileType = sourcecode.swift; path = GoogleMapView.swift; sourceTree = "<group>"; };
		F30B35F7258A70B700D05E3E /* MapView.swift */ = {isa = PBXFileReference; fileEncoding = 4; lastKnownFileType = sourcecode.swift; path = MapView.swift; sourceTree = "<group>"; };
/* End PBXFileReference section */

/* Begin PBXFrameworksBuildPhase section */
		82CD08E3256E5F9100F21693 /* Frameworks */ = {
			isa = PBXFrameworksBuildPhase;
			buildActionMask = 2147483647;
			files = (
				18F083B3308A1F6AF6D6A146 /* libPods-ePLUS.a in Frameworks */,
			);
			runOnlyForDeploymentPostprocessing = 0;
		};
		82CD08F4256E5F9400F21693 /* Frameworks */ = {
			isa = PBXFrameworksBuildPhase;
			buildActionMask = 2147483647;
			files = (
			);
			runOnlyForDeploymentPostprocessing = 0;
		};
		82CD08FF256E5F9400F21693 /* Frameworks */ = {
			isa = PBXFrameworksBuildPhase;
			buildActionMask = 2147483647;
			files = (
			);
			runOnlyForDeploymentPostprocessing = 0;
		};
/* End PBXFrameworksBuildPhase section */

/* Begin PBXGroup section */
		0DFCA4892743005B7087D658 /* Frameworks */ = {
			isa = PBXGroup;
			children = (
				BD9D64CBA404EE2AAD985FE0 /* libPods-ePLUS.a */,
			);
			name = Frameworks;
			sourceTree = "<group>";
		};
		8243879F2582805000DC6664 /* Components */ = {
			isa = PBXGroup;
			children = (
				827A37CD258938C800F3DC0D /* GooglePlaceImage.swift */,
				827A37CE258938C800F3DC0D /* RemoteImage.swift */,
				824FAE0425752F7D005C62C4 /* Observables.swift */,
				8243879A25827D5D00DC6664 /* TextArea.swift */,
				824387AC258281B700DC6664 /* ReturnButton.swift */,
				824387B1258283C500DC6664 /* RoundedRectButton.swift */,
				824387BC2582856600DC6664 /* HeartRating.swift */,
			);
			path = Components;
			sourceTree = "<group>";
		};
		824387A0258280AF00DC6664 /* DataStructure */ = {
			isa = PBXGroup;
			children = (
				827A37C8258938A600F3DC0D /* CityImageStructure.swift */,
				823FACC8257E189F001FC646 /* DataStructure.swift */,
				825F2BA0257FA0E20001D37C /* GoooglePlaceStructure.swift */,
			);
			path = DataStructure;
			sourceTree = "<group>";
		};
		824387A1258280F400DC6664 /* Utils */ = {
			isa = PBXGroup;
			children = (
				823FACCD257E1C5E001FC646 /* API.swift */,
				825151C52583A75500E4D9FF /* Utils.swift */,
			);
			path = Utils;
			sourceTree = "<group>";
		};
		824387A22582810E00DC6664 /* Views */ = {
			isa = PBXGroup;
			children = (
				827A381C258A4B2500F3DC0D /* AddDesCommentView.swift */,
				F30B35F6258A70B700D05E3E /* GoogleMapView.swift */,
				F30B35F7258A70B700D05E3E /* MapView.swift */,
				827A37C32589389A00F3DC0D /* LoadingView.swift */,
				825151EA2587555100E4D9FF /* InviteView.swift */,
				825151E52587552D00E4D9FF /* NewPlanView.swift */,
				82CD08EB256E5F9100F21693 /* ContentView.swift */,
				825151E02584B97700E4D9FF /* SwitcherView.swift */,
				824FAE0C2575319C005C62C4 /* CommentView.swift */,
				825151CD2583FCF000E4D9FF /* DestinationView.swift */,
				824FADFA25752EA7005C62C4 /* ListView.swift */,
				825F2B92257F935B0001D37C /* AddDestinationView.swift */,
				825151D22584900200E4D9FF /* MenuView.swift */,
			);
			path = Views;
			sourceTree = "<group>";
		};
		82CD08DD256E5F9100F21693 = {
			isa = PBXGroup;
			children = (
				82CD08E8256E5F9100F21693 /* ePLUS */,
				82CD08FA256E5F9400F21693 /* ePLUSTests */,
				82CD0905256E5F9400F21693 /* ePLUSUITests */,
				82CD08E7256E5F9100F21693 /* Products */,
				8C9DBE849ECA30A74C7D6FF8 /* Pods */,
				0DFCA4892743005B7087D658 /* Frameworks */,
			);
			sourceTree = "<group>";
		};
		82CD08E7256E5F9100F21693 /* Products */ = {
			isa = PBXGroup;
			children = (
				82CD08E6256E5F9100F21693 /* ePLUS.app */,
				82CD08F7256E5F9400F21693 /* ePLUSTests.xctest */,
				82CD0902256E5F9400F21693 /* ePLUSUITests.xctest */,
			);
			name = Products;
			sourceTree = "<group>";
		};
		82CD08E8256E5F9100F21693 /* ePLUS */ = {
			isa = PBXGroup;
			children = (
				824387A1258280F400DC6664 /* Utils */,
				824387A0258280AF00DC6664 /* DataStructure */,
				8243879F2582805000DC6664 /* Components */,
				824387A22582810E00DC6664 /* Views */,
				82CD08E9256E5F9100F21693 /* ePLUSApp.swift */,
				82CD08ED256E5F9400F21693 /* Assets.xcassets */,
				82CD08F2256E5F9400F21693 /* Info.plist */,
				82CD08EF256E5F9400F21693 /* Preview Content */,
			);
			path = ePLUS;
			sourceTree = "<group>";
		};
		82CD08EF256E5F9400F21693 /* Preview Content */ = {
			isa = PBXGroup;
			children = (
				82CD08F0256E5F9400F21693 /* Preview Assets.xcassets */,
			);
			path = "Preview Content";
			sourceTree = "<group>";
		};
		82CD08FA256E5F9400F21693 /* ePLUSTests */ = {
			isa = PBXGroup;
			children = (
				82CD08FB256E5F9400F21693 /* ePLUSTests.swift */,
				82CD08FD256E5F9400F21693 /* Info.plist */,
			);
			path = ePLUSTests;
			sourceTree = "<group>";
		};
		82CD0905256E5F9400F21693 /* ePLUSUITests */ = {
			isa = PBXGroup;
			children = (
				82CD0906256E5F9400F21693 /* ePLUSUITests.swift */,
				82CD0908256E5F9400F21693 /* Info.plist */,
			);
			path = ePLUSUITests;
			sourceTree = "<group>";
		};
		8C9DBE849ECA30A74C7D6FF8 /* Pods */ = {
			isa = PBXGroup;
			children = (
				CEF273CD6A756DFDBBBDC636 /* Pods-ePLUS.debug.xcconfig */,
				E045F45D9B6858255B7C0E86 /* Pods-ePLUS.release.xcconfig */,
			);
			path = Pods;
			sourceTree = "<group>";
		};
/* End PBXGroup section */

/* Begin PBXNativeTarget section */
		82CD08E5256E5F9100F21693 /* ePLUS */ = {
			isa = PBXNativeTarget;
			buildConfigurationList = 82CD090B256E5F9400F21693 /* Build configuration list for PBXNativeTarget "ePLUS" */;
			buildPhases = (
				ABCC0D9A6DA48A093E438DAD /* [CP] Check Pods Manifest.lock */,
				82CD08E2256E5F9100F21693 /* Sources */,
				82CD08E3256E5F9100F21693 /* Frameworks */,
				82CD08E4256E5F9100F21693 /* Resources */,
				9109B66BC5A68B4B9FC67A23 /* [CP] Copy Pods Resources */,
			);
			buildRules = (
			);
			dependencies = (
			);
			name = ePLUS;
			productName = ePLUS;
			productReference = 82CD08E6256E5F9100F21693 /* ePLUS.app */;
			productType = "com.apple.product-type.application";
		};
		82CD08F6256E5F9400F21693 /* ePLUSTests */ = {
			isa = PBXNativeTarget;
			buildConfigurationList = 82CD090E256E5F9400F21693 /* Build configuration list for PBXNativeTarget "ePLUSTests" */;
			buildPhases = (
				82CD08F3256E5F9400F21693 /* Sources */,
				82CD08F4256E5F9400F21693 /* Frameworks */,
				82CD08F5256E5F9400F21693 /* Resources */,
			);
			buildRules = (
			);
			dependencies = (
				82CD08F9256E5F9400F21693 /* PBXTargetDependency */,
			);
			name = ePLUSTests;
			productName = ePLUSTests;
			productReference = 82CD08F7256E5F9400F21693 /* ePLUSTests.xctest */;
			productType = "com.apple.product-type.bundle.unit-test";
		};
		82CD0901256E5F9400F21693 /* ePLUSUITests */ = {
			isa = PBXNativeTarget;
			buildConfigurationList = 82CD0911256E5F9400F21693 /* Build configuration list for PBXNativeTarget "ePLUSUITests" */;
			buildPhases = (
				82CD08FE256E5F9400F21693 /* Sources */,
				82CD08FF256E5F9400F21693 /* Frameworks */,
				82CD0900256E5F9400F21693 /* Resources */,
			);
			buildRules = (
			);
			dependencies = (
				82CD0904256E5F9400F21693 /* PBXTargetDependency */,
			);
			name = ePLUSUITests;
			productName = ePLUSUITests;
			productReference = 82CD0902256E5F9400F21693 /* ePLUSUITests.xctest */;
			productType = "com.apple.product-type.bundle.ui-testing";
		};
/* End PBXNativeTarget section */

/* Begin PBXProject section */
		82CD08DE256E5F9100F21693 /* Project object */ = {
			isa = PBXProject;
			attributes = {
				LastSwiftUpdateCheck = 1220;
				LastUpgradeCheck = 1220;
				TargetAttributes = {
					82CD08E5256E5F9100F21693 = {
						CreatedOnToolsVersion = 12.2;
					};
					82CD08F6256E5F9400F21693 = {
						CreatedOnToolsVersion = 12.2;
						TestTargetID = 82CD08E5256E5F9100F21693;
					};
					82CD0901256E5F9400F21693 = {
						CreatedOnToolsVersion = 12.2;
						TestTargetID = 82CD08E5256E5F9100F21693;
					};
				};
			};
			buildConfigurationList = 82CD08E1256E5F9100F21693 /* Build configuration list for PBXProject "ePLUS" */;
			compatibilityVersion = "Xcode 9.3";
			developmentRegion = en;
			hasScannedForEncodings = 0;
			knownRegions = (
				en,
				Base,
			);
			mainGroup = 82CD08DD256E5F9100F21693;
			productRefGroup = 82CD08E7256E5F9100F21693 /* Products */;
			projectDirPath = "";
			projectRoot = "";
			targets = (
				82CD08E5256E5F9100F21693 /* ePLUS */,
				82CD08F6256E5F9400F21693 /* ePLUSTests */,
				82CD0901256E5F9400F21693 /* ePLUSUITests */,
			);
		};
/* End PBXProject section */

/* Begin PBXResourcesBuildPhase section */
		82CD08E4256E5F9100F21693 /* Resources */ = {
			isa = PBXResourcesBuildPhase;
			buildActionMask = 2147483647;
			files = (
				82CD08F1256E5F9400F21693 /* Preview Assets.xcassets in Resources */,
				82CD08EE256E5F9400F21693 /* Assets.xcassets in Resources */,
			);
			runOnlyForDeploymentPostprocessing = 0;
		};
		82CD08F5256E5F9400F21693 /* Resources */ = {
			isa = PBXResourcesBuildPhase;
			buildActionMask = 2147483647;
			files = (
			);
			runOnlyForDeploymentPostprocessing = 0;
		};
		82CD0900256E5F9400F21693 /* Resources */ = {
			isa = PBXResourcesBuildPhase;
			buildActionMask = 2147483647;
			files = (
			);
			runOnlyForDeploymentPostprocessing = 0;
		};
/* End PBXResourcesBuildPhase section */

/* Begin PBXShellScriptBuildPhase section */
		9109B66BC5A68B4B9FC67A23 /* [CP] Copy Pods Resources */ = {
			isa = PBXShellScriptBuildPhase;
			buildActionMask = 2147483647;
			files = (
			);
			inputFileListPaths = (
				"${PODS_ROOT}/Target Support Files/Pods-ePLUS/Pods-ePLUS-resources-${CONFIGURATION}-input-files.xcfilelist",
			);
			name = "[CP] Copy Pods Resources";
			outputFileListPaths = (
				"${PODS_ROOT}/Target Support Files/Pods-ePLUS/Pods-ePLUS-resources-${CONFIGURATION}-output-files.xcfilelist",
			);
			runOnlyForDeploymentPostprocessing = 0;
			shellPath = /bin/sh;
			shellScript = "\"${PODS_ROOT}/Target Support Files/Pods-ePLUS/Pods-ePLUS-resources.sh\"\n";
			showEnvVarsInLog = 0;
		};
		ABCC0D9A6DA48A093E438DAD /* [CP] Check Pods Manifest.lock */ = {
			isa = PBXShellScriptBuildPhase;
			buildActionMask = 2147483647;
			files = (
			);
			inputFileListPaths = (
			);
			inputPaths = (
				"${PODS_PODFILE_DIR_PATH}/Podfile.lock",
				"${PODS_ROOT}/Manifest.lock",
			);
			name = "[CP] Check Pods Manifest.lock";
			outputFileListPaths = (
			);
			outputPaths = (
				"$(DERIVED_FILE_DIR)/Pods-ePLUS-checkManifestLockResult.txt",
			);
			runOnlyForDeploymentPostprocessing = 0;
			shellPath = /bin/sh;
			shellScript = "diff \"${PODS_PODFILE_DIR_PATH}/Podfile.lock\" \"${PODS_ROOT}/Manifest.lock\" > /dev/null\nif [ $? != 0 ] ; then\n    # print error to STDERR\n    echo \"error: The sandbox is not in sync with the Podfile.lock. Run 'pod install' or update your CocoaPods installation.\" >&2\n    exit 1\nfi\n# This output is used by Xcode 'outputs' to avoid re-running this script phase.\necho \"SUCCESS\" > \"${SCRIPT_OUTPUT_FILE_0}\"\n";
			showEnvVarsInLog = 0;
		};
/* End PBXShellScriptBuildPhase section */

/* Begin PBXSourcesBuildPhase section */
		82CD08E2256E5F9100F21693 /* Sources */ = {
			isa = PBXSourcesBuildPhase;
			buildActionMask = 2147483647;
			files = (
				824FAE0D2575319C005C62C4 /* CommentView.swift in Sources */,
				8243879B25827D5D00DC6664 /* TextArea.swift in Sources */,
				824FAE0525752F7D005C62C4 /* Observables.swift in Sources */,
				827A381D258A4B2500F3DC0D /* AddDesCommentView.swift in Sources */,
				82CD08EC256E5F9100F21693 /* ContentView.swift in Sources */,
				827A37CF258938C800F3DC0D /* GooglePlaceImage.swift in Sources */,
				F30B35F8258A70B700D05E3E /* GoogleMapView.swift in Sources */,
				824387BD2582856600DC6664 /* HeartRating.swift in Sources */,
				823FACC9257E189F001FC646 /* DataStructure.swift in Sources */,
				825F2B93257F935B0001D37C /* AddDestinationView.swift in Sources */,
				825151EB2587555100E4D9FF /* InviteView.swift in Sources */,
				825151C62583A75500E4D9FF /* Utils.swift in Sources */,
				825151CE2583FCF100E4D9FF /* DestinationView.swift in Sources */,
				82CD08EA256E5F9100F21693 /* ePLUSApp.swift in Sources */,
				823FACCE257E1C5E001FC646 /* API.swift in Sources */,
				825151D32584900200E4D9FF /* MenuView.swift in Sources */,
				827A37C9258938A600F3DC0D /* CityImageStructure.swift in Sources */,
				F30B35F9258A70B700D05E3E /* MapView.swift in Sources */,
				824387AD258281B700DC6664 /* ReturnButton.swift in Sources */,
				827A37D0258938C800F3DC0D /* RemoteImage.swift in Sources */,
				825151E62587552D00E4D9FF /* NewPlanView.swift in Sources */,
				825F2BA1257FA0E20001D37C /* GoooglePlaceStructure.swift in Sources */,
				825151E12584B97700E4D9FF /* SwitcherView.swift in Sources */,
				824387B2258283C500DC6664 /* RoundedRectButton.swift in Sources */,
				824FADFB25752EA7005C62C4 /* ListView.swift in Sources */,
				827A37C42589389A00F3DC0D /* LoadingView.swift in Sources */,
			);
			runOnlyForDeploymentPostprocessing = 0;
		};
		82CD08F3256E5F9400F21693 /* Sources */ = {
			isa = PBXSourcesBuildPhase;
			buildActionMask = 2147483647;
			files = (
				82CD08FC256E5F9400F21693 /* ePLUSTests.swift in Sources */,
			);
			runOnlyForDeploymentPostprocessing = 0;
		};
		82CD08FE256E5F9400F21693 /* Sources */ = {
			isa = PBXSourcesBuildPhase;
			buildActionMask = 2147483647;
			files = (
				82CD0907256E5F9400F21693 /* ePLUSUITests.swift in Sources */,
			);
			runOnlyForDeploymentPostprocessing = 0;
		};
/* End PBXSourcesBuildPhase section */

/* Begin PBXTargetDependency section */
		82CD08F9256E5F9400F21693 /* PBXTargetDependency */ = {
			isa = PBXTargetDependency;
			target = 82CD08E5256E5F9100F21693 /* ePLUS */;
			targetProxy = 82CD08F8256E5F9400F21693 /* PBXContainerItemProxy */;
		};
		82CD0904256E5F9400F21693 /* PBXTargetDependency */ = {
			isa = PBXTargetDependency;
			target = 82CD08E5256E5F9100F21693 /* ePLUS */;
			targetProxy = 82CD0903256E5F9400F21693 /* PBXContainerItemProxy */;
		};
/* End PBXTargetDependency section */

/* Begin XCBuildConfiguration section */
		82CD0909256E5F9400F21693 /* Debug */ = {
			isa = XCBuildConfiguration;
			buildSettings = {
				ALWAYS_SEARCH_USER_PATHS = NO;
				CLANG_ANALYZER_NONNULL = YES;
				CLANG_ANALYZER_NUMBER_OBJECT_CONVERSION = YES_AGGRESSIVE;
				CLANG_CXX_LANGUAGE_STANDARD = "gnu++14";
				CLANG_CXX_LIBRARY = "libc++";
				CLANG_ENABLE_MODULES = YES;
				CLANG_ENABLE_OBJC_ARC = YES;
				CLANG_ENABLE_OBJC_WEAK = YES;
				CLANG_WARN_BLOCK_CAPTURE_AUTORELEASING = YES;
				CLANG_WARN_BOOL_CONVERSION = YES;
				CLANG_WARN_COMMA = YES;
				CLANG_WARN_CONSTANT_CONVERSION = YES;
				CLANG_WARN_DEPRECATED_OBJC_IMPLEMENTATIONS = YES;
				CLANG_WARN_DIRECT_OBJC_ISA_USAGE = YES_ERROR;
				CLANG_WARN_DOCUMENTATION_COMMENTS = YES;
				CLANG_WARN_EMPTY_BODY = YES;
				CLANG_WARN_ENUM_CONVERSION = YES;
				CLANG_WARN_INFINITE_RECURSION = YES;
				CLANG_WARN_INT_CONVERSION = YES;
				CLANG_WARN_NON_LITERAL_NULL_CONVERSION = YES;
				CLANG_WARN_OBJC_IMPLICIT_RETAIN_SELF = YES;
				CLANG_WARN_OBJC_LITERAL_CONVERSION = YES;
				CLANG_WARN_OBJC_ROOT_CLASS = YES_ERROR;
				CLANG_WARN_QUOTED_INCLUDE_IN_FRAMEWORK_HEADER = YES;
				CLANG_WARN_RANGE_LOOP_ANALYSIS = YES;
				CLANG_WARN_STRICT_PROTOTYPES = YES;
				CLANG_WARN_SUSPICIOUS_MOVE = YES;
				CLANG_WARN_UNGUARDED_AVAILABILITY = YES_AGGRESSIVE;
				CLANG_WARN_UNREACHABLE_CODE = YES;
				CLANG_WARN__DUPLICATE_METHOD_MATCH = YES;
				COPY_PHASE_STRIP = NO;
				DEBUG_INFORMATION_FORMAT = dwarf;
				ENABLE_STRICT_OBJC_MSGSEND = YES;
				ENABLE_TESTABILITY = YES;
				GCC_C_LANGUAGE_STANDARD = gnu11;
				GCC_DYNAMIC_NO_PIC = NO;
				GCC_NO_COMMON_BLOCKS = YES;
				GCC_OPTIMIZATION_LEVEL = 0;
				GCC_PREPROCESSOR_DEFINITIONS = (
					"DEBUG=1",
					"$(inherited)",
				);
				GCC_WARN_64_TO_32_BIT_CONVERSION = YES;
				GCC_WARN_ABOUT_RETURN_TYPE = YES_ERROR;
				GCC_WARN_UNDECLARED_SELECTOR = YES;
				GCC_WARN_UNINITIALIZED_AUTOS = YES_AGGRESSIVE;
				GCC_WARN_UNUSED_FUNCTION = YES;
				GCC_WARN_UNUSED_VARIABLE = YES;
				IPHONEOS_DEPLOYMENT_TARGET = 14.2;
				MTL_ENABLE_DEBUG_INFO = INCLUDE_SOURCE;
				MTL_FAST_MATH = YES;
				ONLY_ACTIVE_ARCH = YES;
				SDKROOT = iphoneos;
				SWIFT_ACTIVE_COMPILATION_CONDITIONS = DEBUG;
				SWIFT_OPTIMIZATION_LEVEL = "-Onone";
			};
			name = Debug;
		};
		82CD090A256E5F9400F21693 /* Release */ = {
			isa = XCBuildConfiguration;
			buildSettings = {
				ALWAYS_SEARCH_USER_PATHS = NO;
				CLANG_ANALYZER_NONNULL = YES;
				CLANG_ANALYZER_NUMBER_OBJECT_CONVERSION = YES_AGGRESSIVE;
				CLANG_CXX_LANGUAGE_STANDARD = "gnu++14";
				CLANG_CXX_LIBRARY = "libc++";
				CLANG_ENABLE_MODULES = YES;
				CLANG_ENABLE_OBJC_ARC = YES;
				CLANG_ENABLE_OBJC_WEAK = YES;
				CLANG_WARN_BLOCK_CAPTURE_AUTORELEASING = YES;
				CLANG_WARN_BOOL_CONVERSION = YES;
				CLANG_WARN_COMMA = YES;
				CLANG_WARN_CONSTANT_CONVERSION = YES;
				CLANG_WARN_DEPRECATED_OBJC_IMPLEMENTATIONS = YES;
				CLANG_WARN_DIRECT_OBJC_ISA_USAGE = YES_ERROR;
				CLANG_WARN_DOCUMENTATION_COMMENTS = YES;
				CLANG_WARN_EMPTY_BODY = YES;
				CLANG_WARN_ENUM_CONVERSION = YES;
				CLANG_WARN_INFINITE_RECURSION = YES;
				CLANG_WARN_INT_CONVERSION = YES;
				CLANG_WARN_NON_LITERAL_NULL_CONVERSION = YES;
				CLANG_WARN_OBJC_IMPLICIT_RETAIN_SELF = YES;
				CLANG_WARN_OBJC_LITERAL_CONVERSION = YES;
				CLANG_WARN_OBJC_ROOT_CLASS = YES_ERROR;
				CLANG_WARN_QUOTED_INCLUDE_IN_FRAMEWORK_HEADER = YES;
				CLANG_WARN_RANGE_LOOP_ANALYSIS = YES;
				CLANG_WARN_STRICT_PROTOTYPES = YES;
				CLANG_WARN_SUSPICIOUS_MOVE = YES;
				CLANG_WARN_UNGUARDED_AVAILABILITY = YES_AGGRESSIVE;
				CLANG_WARN_UNREACHABLE_CODE = YES;
				CLANG_WARN__DUPLICATE_METHOD_MATCH = YES;
				COPY_PHASE_STRIP = NO;
				DEBUG_INFORMATION_FORMAT = "dwarf-with-dsym";
				ENABLE_NS_ASSERTIONS = NO;
				ENABLE_STRICT_OBJC_MSGSEND = YES;
				GCC_C_LANGUAGE_STANDARD = gnu11;
				GCC_NO_COMMON_BLOCKS = YES;
				GCC_WARN_64_TO_32_BIT_CONVERSION = YES;
				GCC_WARN_ABOUT_RETURN_TYPE = YES_ERROR;
				GCC_WARN_UNDECLARED_SELECTOR = YES;
				GCC_WARN_UNINITIALIZED_AUTOS = YES_AGGRESSIVE;
				GCC_WARN_UNUSED_FUNCTION = YES;
				GCC_WARN_UNUSED_VARIABLE = YES;
				IPHONEOS_DEPLOYMENT_TARGET = 14.2;
				MTL_ENABLE_DEBUG_INFO = NO;
				MTL_FAST_MATH = YES;
				SDKROOT = iphoneos;
				SWIFT_COMPILATION_MODE = wholemodule;
				SWIFT_OPTIMIZATION_LEVEL = "-O";
				VALIDATE_PRODUCT = YES;
			};
			name = Release;
		};
		82CD090C256E5F9400F21693 /* Debug */ = {
			isa = XCBuildConfiguration;
			baseConfigurationReference = CEF273CD6A756DFDBBBDC636 /* Pods-ePLUS.debug.xcconfig */;
			buildSettings = {
				ASSETCATALOG_COMPILER_APPICON_NAME = AppIcon;
				ASSETCATALOG_COMPILER_GLOBAL_ACCENT_COLOR_NAME = AccentColor;
				CODE_SIGN_STYLE = Automatic;
				DEVELOPMENT_ASSET_PATHS = "\"ePLUS/Preview Content\"";
				DEVELOPMENT_TEAM = 3X3X48A4H4;
				ENABLE_PREVIEWS = YES;
				INFOPLIST_FILE = ePLUS/Info.plist;
				IPHONEOS_DEPLOYMENT_TARGET = 14.2;
				LD_RUNPATH_SEARCH_PATHS = (
					"$(inherited)",
					"@executable_path/Frameworks",
				);
				PRODUCT_BUNDLE_IDENTIFIER = NTUCSIE.ePLUS;
				PRODUCT_NAME = "$(TARGET_NAME)";
				SWIFT_VERSION = 5.0;
				TARGETED_DEVICE_FAMILY = "1,2";
			};
			name = Debug;
		};
		82CD090D256E5F9400F21693 /* Release */ = {
			isa = XCBuildConfiguration;
			baseConfigurationReference = E045F45D9B6858255B7C0E86 /* Pods-ePLUS.release.xcconfig */;
			buildSettings = {
				ASSETCATALOG_COMPILER_APPICON_NAME = AppIcon;
				ASSETCATALOG_COMPILER_GLOBAL_ACCENT_COLOR_NAME = AccentColor;
				CODE_SIGN_STYLE = Automatic;
				DEVELOPMENT_ASSET_PATHS = "\"ePLUS/Preview Content\"";
				DEVELOPMENT_TEAM = 3X3X48A4H4;
				ENABLE_PREVIEWS = YES;
				INFOPLIST_FILE = ePLUS/Info.plist;
				IPHONEOS_DEPLOYMENT_TARGET = 14.2;
				LD_RUNPATH_SEARCH_PATHS = (
					"$(inherited)",
					"@executable_path/Frameworks",
				);
				PRODUCT_BUNDLE_IDENTIFIER = NTUCSIE.ePLUS;
				PRODUCT_NAME = "$(TARGET_NAME)";
				SWIFT_VERSION = 5.0;
				TARGETED_DEVICE_FAMILY = "1,2";
			};
			name = Release;
		};
		82CD090F256E5F9400F21693 /* Debug */ = {
			isa = XCBuildConfiguration;
			buildSettings = {
				ALWAYS_EMBED_SWIFT_STANDARD_LIBRARIES = YES;
				BUNDLE_LOADER = "$(TEST_HOST)";
				CODE_SIGN_STYLE = Automatic;
				INFOPLIST_FILE = ePLUSTests/Info.plist;
				IPHONEOS_DEPLOYMENT_TARGET = 14.0;
				LD_RUNPATH_SEARCH_PATHS = (
					"$(inherited)",
					"@executable_path/Frameworks",
					"@loader_path/Frameworks",
				);
				PRODUCT_BUNDLE_IDENTIFIER = NTUCSIE.ePLUSTests;
				PRODUCT_NAME = "$(TARGET_NAME)";
				SWIFT_VERSION = 5.0;
				TARGETED_DEVICE_FAMILY = "1,2";
				TEST_HOST = "$(BUILT_PRODUCTS_DIR)/ePLUS.app/ePLUS";
			};
			name = Debug;
		};
		82CD0910256E5F9400F21693 /* Release */ = {
			isa = XCBuildConfiguration;
			buildSettings = {
				ALWAYS_EMBED_SWIFT_STANDARD_LIBRARIES = YES;
				BUNDLE_LOADER = "$(TEST_HOST)";
				CODE_SIGN_STYLE = Automatic;
				INFOPLIST_FILE = ePLUSTests/Info.plist;
				IPHONEOS_DEPLOYMENT_TARGET = 14.0;
				LD_RUNPATH_SEARCH_PATHS = (
					"$(inherited)",
					"@executable_path/Frameworks",
					"@loader_path/Frameworks",
				);
				PRODUCT_BUNDLE_IDENTIFIER = NTUCSIE.ePLUSTests;
				PRODUCT_NAME = "$(TARGET_NAME)";
				SWIFT_VERSION = 5.0;
				TARGETED_DEVICE_FAMILY = "1,2";
				TEST_HOST = "$(BUILT_PRODUCTS_DIR)/ePLUS.app/ePLUS";
			};
			name = Release;
		};
		82CD0912256E5F9400F21693 /* Debug */ = {
			isa = XCBuildConfiguration;
			buildSettings = {
				ALWAYS_EMBED_SWIFT_STANDARD_LIBRARIES = YES;
				CODE_SIGN_STYLE = Automatic;
				INFOPLIST_FILE = ePLUSUITests/Info.plist;
				LD_RUNPATH_SEARCH_PATHS = (
					"$(inherited)",
					"@executable_path/Frameworks",
					"@loader_path/Frameworks",
				);
				PRODUCT_BUNDLE_IDENTIFIER = NTUCSIE.ePLUSUITests;
				PRODUCT_NAME = "$(TARGET_NAME)";
				SWIFT_VERSION = 5.0;
				TARGETED_DEVICE_FAMILY = "1,2";
				TEST_TARGET_NAME = ePLUS;
			};
			name = Debug;
		};
		82CD0913256E5F9400F21693 /* Release */ = {
			isa = XCBuildConfiguration;
			buildSettings = {
				ALWAYS_EMBED_SWIFT_STANDARD_LIBRARIES = YES;
				CODE_SIGN_STYLE = Automatic;
				INFOPLIST_FILE = ePLUSUITests/Info.plist;
				LD_RUNPATH_SEARCH_PATHS = (
					"$(inherited)",
					"@executable_path/Frameworks",
					"@loader_path/Frameworks",
				);
				PRODUCT_BUNDLE_IDENTIFIER = NTUCSIE.ePLUSUITests;
				PRODUCT_NAME = "$(TARGET_NAME)";
				SWIFT_VERSION = 5.0;
				TARGETED_DEVICE_FAMILY = "1,2";
				TEST_TARGET_NAME = ePLUS;
			};
			name = Release;
		};
/* End XCBuildConfiguration section */

/* Begin XCConfigurationList section */
		82CD08E1256E5F9100F21693 /* Build configuration list for PBXProject "ePLUS" */ = {
			isa = XCConfigurationList;
			buildConfigurations = (
				82CD0909256E5F9400F21693 /* Debug */,
				82CD090A256E5F9400F21693 /* Release */,
			);
			defaultConfigurationIsVisible = 0;
			defaultConfigurationName = Release;
		};
		82CD090B256E5F9400F21693 /* Build configuration list for PBXNativeTarget "ePLUS" */ = {
			isa = XCConfigurationList;
			buildConfigurations = (
				82CD090C256E5F9400F21693 /* Debug */,
				82CD090D256E5F9400F21693 /* Release */,
			);
			defaultConfigurationIsVisible = 0;
			defaultConfigurationName = Release;
		};
		82CD090E256E5F9400F21693 /* Build configuration list for PBXNativeTarget "ePLUSTests" */ = {
			isa = XCConfigurationList;
			buildConfigurations = (
				82CD090F256E5F9400F21693 /* Debug */,
				82CD0910256E5F9400F21693 /* Release */,
			);
			defaultConfigurationIsVisible = 0;
			defaultConfigurationName = Release;
		};
		82CD0911256E5F9400F21693 /* Build configuration list for PBXNativeTarget "ePLUSUITests" */ = {
			isa = XCConfigurationList;
			buildConfigurations = (
				82CD0912256E5F9400F21693 /* Debug */,
				82CD0913256E5F9400F21693 /* Release */,
			);
			defaultConfigurationIsVisible = 0;
			defaultConfigurationName = Release;
		};
/* End XCConfigurationList section */
	};
	rootObject = 82CD08DE256E5F9100F21693 /* Project object */;
}
